
Microsoft Visual Studio Solution File, Format Version 11.00
# Visual Studio 2010
Project("{FAE04EC0-301F-11D3-BF4B-00C04F79EFBC}") = "CLanguage", "CLanguage\CLanguage.csproj", "{2E2318B3-0C3A-47D3-877B-BA1CAA79DE2D}"
EndProject
Project("{FAE04EC0-301F-11D3-BF4B-00C04F79EFBC}") = "CLanguageTests", "CLanguageTests\CLanguageTests.csproj", "{51A8AA8D-3CF0-4EC6-B79C-AF48C6BD8C0C}"
EndProject
Project("{2150E333-8FDC-42A3-9474-1A3956D46DE8}") = "Solution Items", "Solution Items", "{F371C764-7AF4-4AD7-AE02-A288AB8CCA0D}"
	ProjectSection(SolutionItems) = preProject
		CLanguage.vsmdi = CLanguage.vsmdi
		Local.testsettings = Local.testsettings
		TraceAndTestImpact.testsettings = TraceAndTestImpact.testsettings
	EndProjectSection
EndProject
Project("{FAE04EC0-301F-11D3-BF4B-00C04F79EFBC}") = "CLanguageRepl", "CLanguageRepl\CLanguageRepl.csproj", "{6B9CE4B2-82C9-4029-8ACD-2803D6B9ED30}"
EndProject
Global
	GlobalSection(TestCaseManagementSettings) = postSolution
		CategoryFile = CLanguage.vsmdi
	EndGlobalSection
	GlobalSection(SolutionConfigurationPlatforms) = preSolution
		Debug|Any CPU = Debug|Any CPU
		Debug|Mixed Platforms = Debug|Mixed Platforms
		Debug|x86 = Debug|x86
		Release|Any CPU = Release|Any CPU
		Release|Mixed Platforms = Release|Mixed Platforms
		Release|x86 = Release|x86
	EndGlobalSection
	GlobalSection(ProjectConfigurationPlatforms) = postSolution
		{2E2318B3-0C3A-47D3-877B-BA1CAA79DE2D}.Debug|Any CPU.ActiveCfg = Debug|Any CPU
		{2E2318B3-0C3A-47D3-877B-BA1CAA79DE2D}.Debug|Any CPU.Build.0 = Debug|Any CPU
		{2E2318B3-0C3A-47D3-877B-BA1CAA79DE2D}.Debug|Mixed Platforms.ActiveCfg = Debug|Any CPU
		{2E2318B3-0C3A-47D3-877B-BA1CAA79DE2D}.Debug|Mixed Platforms.Build.0 = Debug|Any CPU
		{2E2318B3-0C3A-47D3-877B-BA1CAA79DE2D}.Debug|x86.ActiveCfg = Debug|Any CPU
		{2E2318B3-0C3A-47D3-877B-BA1CAA79DE2D}.Release|Any CPU.ActiveCfg = Release|Any CPU
		{2E2318B3-0C3A-47D3-877B-BA1CAA79DE2D}.Release|Any CPU.Build.0 = Release|Any CPU
		{2E2318B3-0C3A-47D3-877B-BA1CAA79DE2D}.Release|Mixed Platforms.ActiveCfg = Release|Any CPU
		{2E2318B3-0C3A-47D3-877B-BA1CAA79DE2D}.Release|Mixed Platforms.Build.0 = Release|Any CPU
		{2E2318B3-0C3A-47D3-877B-BA1CAA79DE2D}.Release|x86.ActiveCfg = Release|Any CPU
		{51A8AA8D-3CF0-4EC6-B79C-AF48C6BD8C0C}.Debug|Any CPU.ActiveCfg = Debug|Any CPU
		{51A8AA8D-3CF0-4EC6-B79C-AF48C6BD8C0C}.Debug|Any CPU.Build.0 = Debug|Any CPU
		{51A8AA8D-3CF0-4EC6-B79C-AF48C6BD8C0C}.Debug|Mixed Platforms.ActiveCfg = Debug|Any CPU
		{51A8AA8D-3CF0-4EC6-B79C-AF48C6BD8C0C}.Debug|Mixed Platforms.Build.0 = Debug|Any CPU
		{51A8AA8D-3CF0-4EC6-B79C-AF48C6BD8C0C}.Debug|x86.ActiveCfg = Debug|Any CPU
		{51A8AA8D-3CF0-4EC6-B79C-AF48C6BD8C0C}.Release|Any CPU.ActiveCfg = Release|Any CPU
		{51A8AA8D-3CF0-4EC6-B79C-AF48C6BD8C0C}.Release|Any CPU.Build.0 = Release|Any CPU
		{51A8AA8D-3CF0-4EC6-B79C-AF48C6BD8C0C}.Release|Mixed Platforms.ActiveCfg = Release|Any CPU
		{51A8AA8D-3CF0-4EC6-B79C-AF48C6BD8C0C}.Release|Mixed Platforms.Build.0 = Release|Any CPU
		{51A8AA8D-3CF0-4EC6-B79C-AF48C6BD8C0C}.Release|x86.ActiveCfg = Release|Any CPU
		{6B9CE4B2-82C9-4029-8ACD-2803D6B9ED30}.Debug|Any CPU.ActiveCfg = Debug|x86
		{6B9CE4B2-82C9-4029-8ACD-2803D6B9ED30}.Debug|Mixed Platforms.ActiveCfg = Debug|x86
		{6B9CE4B2-82C9-4029-8ACD-2803D6B9ED30}.Debug|Mixed Platforms.Build.0 = Debug|x86
		{6B9CE4B2-82C9-4029-8ACD-2803D6B9ED30}.Debug|x86.ActiveCfg = Debug|x86
		{6B9CE4B2-82C9-4029-8ACD-2803D6B9ED30}.Debug|x86.Build.0 = Debug|x86
		{6B9CE4B2-82C9-4029-8ACD-2803D6B9ED30}.Release|Any CPU.ActiveCfg = Release|x86
		{6B9CE4B2-82C9-4029-8ACD-2803D6B9ED30}.Release|Mixed Platforms.ActiveCfg = Release|x86
		{6B9CE4B2-82C9-4029-8ACD-2803D6B9ED30}.Release|Mixed Platforms.Build.0 = Release|x86
		{6B9CE4B2-82C9-4029-8ACD-2803D6B9ED30}.Release|x86.ActiveCfg = Release|x86
		{6B9CE4B2-82C9-4029-8ACD-2803D6B9ED30}.Release|x86.Build.0 = Release|x86
	EndGlobalSection
	GlobalSection(SolutionProperties) = preSolution
		HideSolutionNode = FALSE
	EndGlobalSection
EndGlobal
