Microsoft Visual Studio Solution File, Format Version 12.00
# Visual Studio Version 16
VisualStudioVersion = 16.0.28315.86
MinimumVisualStudioVersion = 15.0.26124.0
Project("{FAE04EC0-301F-11D3-BF4B-00C04F79EFBC}") = "CLanguage", "CLanguage\CLanguage.csproj", "{A53988E1-9F38-44E6-8B29-8C3F1C4CD487}"
EndProject
Project("{9A19103F-16F7-4668-BE54-9A1E7A4F7556}") = "CLanguageTests", "CLanguageTests\CLanguageTests.csproj", "{EACAC407-784A-4EC8-B876-1AFC26DE6050}"
EndProject
Project("{FAE04EC0-301F-11D3-BF4B-00C04F79EFBC}") = "CLanguage.Editor.Mac", "Editor\Mac\CLanguage.Editor.Mac.csproj", "{13FC4538-EA48-4F84-9F1A-109701F9285F}"
EndProject
Project("{2150E333-8FDC-42A3-9474-1A3956D46DE8}") = "Editor", "Editor", "{708F9D6D-D03E-4C60-AEEE-85276AD55A24}"
EndProject
Project("{2150E333-8FDC-42A3-9474-1A3956D46DE8}") = "Samples", "Samples", "{45420E5C-B4D7-4E1B-A850-80B74885D96C}"
EndProject
Project("{FAE04EC0-301F-11D3-BF4B-00C04F79EFBC}") = "CEditorMac", "Samples\Mac\CEditorMac.csproj", "{E2A5AB72-C825-47F7-96BD-D102192C4B99}"
EndProject
Project("{FAE04EC0-301F-11D3-BF4B-00C04F79EFBC}") = "CLanguage.Editor.iOS", "Editor\iOS\CLanguage.Editor.iOS.csproj", "{82DEEC57-00B6-4878-A3A2-BB8616BFA1A0}"
EndProject
Project("{FAE04EC0-301F-11D3-BF4B-00C04F79EFBC}") = "CEditor", "Samples\iOS\CEditor.csproj", "{AC3491FF-6B2A-42A2-A2F4-6E9B1F9361F2}"
EndProject
Project("{FAE04EC0-301F-11D3-BF4B-00C04F79EFBC}") = "CLanguageTestsiOS", "CLanguageTestsiOS\CLanguageTestsiOS.csproj", "{DABC5300-751B-4771-9BD7-A4B465CE8FEF}"
EndProject
Global
	GlobalSection(SolutionConfigurationPlatforms) = preSolution
		Debug|Any CPU = Debug|Any CPU
		Debug|x64 = Debug|x64
		Debug|x86 = Debug|x86
		Release|Any CPU = Release|Any CPU
		Release|x64 = Release|x64
		Release|x86 = Release|x86
		Debug|iPhoneSimulator = Debug|iPhoneSimulator
		Release|iPhone = Release|iPhone
		Release|iPhoneSimulator = Release|iPhoneSimulator
		Debug|iPhone = Debug|iPhone
	EndGlobalSection
	GlobalSection(ProjectConfigurationPlatforms) = postSolution
		{A53988E1-9F38-44E6-8B29-8C3F1C4CD487}.Debug|Any CPU.ActiveCfg = Debug|Any CPU
		{A53988E1-9F38-44E6-8B29-8C3F1C4CD487}.Debug|Any CPU.Build.0 = Debug|Any CPU
		{A53988E1-9F38-44E6-8B29-8C3F1C4CD487}.Debug|x64.ActiveCfg = Debug|Any CPU
		{A53988E1-9F38-44E6-8B29-8C3F1C4CD487}.Debug|x64.Build.0 = Debug|Any CPU
		{A53988E1-9F38-44E6-8B29-8C3F1C4CD487}.Debug|x86.ActiveCfg = Debug|Any CPU
		{A53988E1-9F38-44E6-8B29-8C3F1C4CD487}.Debug|x86.Build.0 = Debug|Any CPU
		{A53988E1-9F38-44E6-8B29-8C3F1C4CD487}.Release|Any CPU.ActiveCfg = Release|Any CPU
		{A53988E1-9F38-44E6-8B29-8C3F1C4CD487}.Release|Any CPU.Build.0 = Release|Any CPU
		{A53988E1-9F38-44E6-8B29-8C3F1C4CD487}.Release|x64.ActiveCfg = Release|Any CPU
		{A53988E1-9F38-44E6-8B29-8C3F1C4CD487}.Release|x64.Build.0 = Release|Any CPU
		{A53988E1-9F38-44E6-8B29-8C3F1C4CD487}.Release|x86.ActiveCfg = Release|Any CPU
		{A53988E1-9F38-44E6-8B29-8C3F1C4CD487}.Release|x86.Build.0 = Release|Any CPU
		{A53988E1-9F38-44E6-8B29-8C3F1C4CD487}.Debug|iPhoneSimulator.ActiveCfg = Debug|Any CPU
		{A53988E1-9F38-44E6-8B29-8C3F1C4CD487}.Debug|iPhoneSimulator.Build.0 = Debug|Any CPU
		{A53988E1-9F38-44E6-8B29-8C3F1C4CD487}.Release|iPhone.ActiveCfg = Release|Any CPU
		{A53988E1-9F38-44E6-8B29-8C3F1C4CD487}.Release|iPhone.Build.0 = Release|Any CPU
		{A53988E1-9F38-44E6-8B29-8C3F1C4CD487}.Release|iPhoneSimulator.ActiveCfg = Release|Any CPU
		{A53988E1-9F38-44E6-8B29-8C3F1C4CD487}.Release|iPhoneSimulator.Build.0 = Release|Any CPU
		{A53988E1-9F38-44E6-8B29-8C3F1C4CD487}.Debug|iPhone.ActiveCfg = Debug|Any CPU
		{A53988E1-9F38-44E6-8B29-8C3F1C4CD487}.Debug|iPhone.Build.0 = Debug|Any CPU
		{EACAC407-784A-4EC8-B876-1AFC26DE6050}.Debug|Any CPU.ActiveCfg = Debug|Any CPU
		{EACAC407-784A-4EC8-B876-1AFC26DE6050}.Debug|Any CPU.Build.0 = Debug|Any CPU
		{EACAC407-784A-4EC8-B876-1AFC26DE6050}.Debug|x64.ActiveCfg = Debug|Any CPU
		{EACAC407-784A-4EC8-B876-1AFC26DE6050}.Debug|x64.Build.0 = Debug|Any CPU
		{EACAC407-784A-4EC8-B876-1AFC26DE6050}.Debug|x86.ActiveCfg = Debug|Any CPU
		{EACAC407-784A-4EC8-B876-1AFC26DE6050}.Debug|x86.Build.0 = Debug|Any CPU
		{EACAC407-784A-4EC8-B876-1AFC26DE6050}.Release|Any CPU.ActiveCfg = Release|Any CPU
		{EACAC407-784A-4EC8-B876-1AFC26DE6050}.Release|Any CPU.Build.0 = Release|Any CPU
		{EACAC407-784A-4EC8-B876-1AFC26DE6050}.Release|x64.ActiveCfg = Release|Any CPU
		{EACAC407-784A-4EC8-B876-1AFC26DE6050}.Release|x64.Build.0 = Release|Any CPU
		{EACAC407-784A-4EC8-B876-1AFC26DE6050}.Release|x86.ActiveCfg = Release|Any CPU
		{EACAC407-784A-4EC8-B876-1AFC26DE6050}.Release|x86.Build.0 = Release|Any CPU
		{EACAC407-784A-4EC8-B876-1AFC26DE6050}.Debug|iPhoneSimulator.ActiveCfg = Debug|Any CPU
		{EACAC407-784A-4EC8-B876-1AFC26DE6050}.Debug|iPhoneSimulator.Build.0 = Debug|Any CPU
		{EACAC407-784A-4EC8-B876-1AFC26DE6050}.Release|iPhone.ActiveCfg = Release|Any CPU
		{EACAC407-784A-4EC8-B876-1AFC26DE6050}.Release|iPhone.Build.0 = Release|Any CPU
		{EACAC407-784A-4EC8-B876-1AFC26DE6050}.Release|iPhoneSimulator.ActiveCfg = Release|Any CPU
		{EACAC407-784A-4EC8-B876-1AFC26DE6050}.Release|iPhoneSimulator.Build.0 = Release|Any CPU
		{EACAC407-784A-4EC8-B876-1AFC26DE6050}.Debug|iPhone.ActiveCfg = Debug|Any CPU
		{EACAC407-784A-4EC8-B876-1AFC26DE6050}.Debug|iPhone.Build.0 = Debug|Any CPU
		{13FC4538-EA48-4F84-9F1A-109701F9285F}.Debug|Any CPU.ActiveCfg = Debug|Any CPU
		{13FC4538-EA48-4F84-9F1A-109701F9285F}.Debug|Any CPU.Build.0 = Debug|Any CPU
		{13FC4538-EA48-4F84-9F1A-109701F9285F}.Debug|x64.ActiveCfg = Debug|Any CPU
		{13FC4538-EA48-4F84-9F1A-109701F9285F}.Debug|x64.Build.0 = Debug|Any CPU
		{13FC4538-EA48-4F84-9F1A-109701F9285F}.Debug|x86.ActiveCfg = Debug|Any CPU
		{13FC4538-EA48-4F84-9F1A-109701F9285F}.Debug|x86.Build.0 = Debug|Any CPU
		{13FC4538-EA48-4F84-9F1A-109701F9285F}.Release|Any CPU.ActiveCfg = Release|Any CPU
		{13FC4538-EA48-4F84-9F1A-109701F9285F}.Release|Any CPU.Build.0 = Release|Any CPU
		{13FC4538-EA48-4F84-9F1A-109701F9285F}.Release|x64.ActiveCfg = Release|Any CPU
		{13FC4538-EA48-4F84-9F1A-109701F9285F}.Release|x64.Build.0 = Release|Any CPU
		{13FC4538-EA48-4F84-9F1A-109701F9285F}.Release|x86.ActiveCfg = Release|Any CPU
		{13FC4538-EA48-4F84-9F1A-109701F9285F}.Release|x86.Build.0 = Release|Any CPU
		{13FC4538-EA48-4F84-9F1A-109701F9285F}.Debug|iPhoneSimulator.ActiveCfg = Debug|Any CPU
		{13FC4538-EA48-4F84-9F1A-109701F9285F}.Debug|iPhoneSimulator.Build.0 = Debug|Any CPU
		{13FC4538-EA48-4F84-9F1A-109701F9285F}.Release|iPhone.ActiveCfg = Release|Any CPU
		{13FC4538-EA48-4F84-9F1A-109701F9285F}.Release|iPhone.Build.0 = Release|Any CPU
		{13FC4538-EA48-4F84-9F1A-109701F9285F}.Release|iPhoneSimulator.ActiveCfg = Release|Any CPU
		{13FC4538-EA48-4F84-9F1A-109701F9285F}.Release|iPhoneSimulator.Build.0 = Release|Any CPU
		{13FC4538-EA48-4F84-9F1A-109701F9285F}.Debug|iPhone.ActiveCfg = Debug|Any CPU
		{13FC4538-EA48-4F84-9F1A-109701F9285F}.Debug|iPhone.Build.0 = Debug|Any CPU
		{E2A5AB72-C825-47F7-96BD-D102192C4B99}.Debug|Any CPU.ActiveCfg = Debug|x86
		{E2A5AB72-C825-47F7-96BD-D102192C4B99}.Debug|Any CPU.Build.0 = Debug|x86
		{E2A5AB72-C825-47F7-96BD-D102192C4B99}.Debug|x64.ActiveCfg = Debug|x86
		{E2A5AB72-C825-47F7-96BD-D102192C4B99}.Debug|x64.Build.0 = Debug|x86
		{E2A5AB72-C825-47F7-96BD-D102192C4B99}.Debug|x86.ActiveCfg = Debug|x86
		{E2A5AB72-C825-47F7-96BD-D102192C4B99}.Debug|x86.Build.0 = Debug|x86
		{E2A5AB72-C825-47F7-96BD-D102192C4B99}.Release|Any CPU.ActiveCfg = Release|x86
		{E2A5AB72-C825-47F7-96BD-D102192C4B99}.Release|Any CPU.Build.0 = Release|x86
		{E2A5AB72-C825-47F7-96BD-D102192C4B99}.Release|x64.ActiveCfg = Release|x86
		{E2A5AB72-C825-47F7-96BD-D102192C4B99}.Release|x64.Build.0 = Release|x86
		{E2A5AB72-C825-47F7-96BD-D102192C4B99}.Release|x86.ActiveCfg = Release|x86
		{E2A5AB72-C825-47F7-96BD-D102192C4B99}.Release|x86.Build.0 = Release|x86
		{E2A5AB72-C825-47F7-96BD-D102192C4B99}.Debug|iPhoneSimulator.ActiveCfg = Debug|x86
		{E2A5AB72-C825-47F7-96BD-D102192C4B99}.Debug|iPhoneSimulator.Build.0 = Debug|x86
		{E2A5AB72-C825-47F7-96BD-D102192C4B99}.Release|iPhone.ActiveCfg = Release|x86
		{E2A5AB72-C825-47F7-96BD-D102192C4B99}.Release|iPhone.Build.0 = Release|x86
		{E2A5AB72-C825-47F7-96BD-D102192C4B99}.Release|iPhoneSimulator.ActiveCfg = Release|x86
		{E2A5AB72-C825-47F7-96BD-D102192C4B99}.Release|iPhoneSimulator.Build.0 = Release|x86
		{E2A5AB72-C825-47F7-96BD-D102192C4B99}.Debug|iPhone.ActiveCfg = Debug|x86
		{E2A5AB72-C825-47F7-96BD-D102192C4B99}.Debug|iPhone.Build.0 = Debug|x86
		{82DEEC57-00B6-4878-A3A2-BB8616BFA1A0}.Debug|Any CPU.ActiveCfg = Debug|Any CPU
		{82DEEC57-00B6-4878-A3A2-BB8616BFA1A0}.Debug|Any CPU.Build.0 = Debug|Any CPU
		{82DEEC57-00B6-4878-A3A2-BB8616BFA1A0}.Debug|x64.ActiveCfg = Debug|Any CPU
		{82DEEC57-00B6-4878-A3A2-BB8616BFA1A0}.Debug|x64.Build.0 = Debug|Any CPU
		{82DEEC57-00B6-4878-A3A2-BB8616BFA1A0}.Debug|x86.ActiveCfg = Debug|Any CPU
		{82DEEC57-00B6-4878-A3A2-BB8616BFA1A0}.Debug|x86.Build.0 = Debug|Any CPU
		{82DEEC57-00B6-4878-A3A2-BB8616BFA1A0}.Release|Any CPU.ActiveCfg = Release|Any CPU
		{82DEEC57-00B6-4878-A3A2-BB8616BFA1A0}.Release|Any CPU.Build.0 = Release|Any CPU
		{82DEEC57-00B6-4878-A3A2-BB8616BFA1A0}.Release|x64.ActiveCfg = Release|Any CPU
		{82DEEC57-00B6-4878-A3A2-BB8616BFA1A0}.Release|x64.Build.0 = Release|Any CPU
		{82DEEC57-00B6-4878-A3A2-BB8616BFA1A0}.Release|x86.ActiveCfg = Release|Any CPU
		{82DEEC57-00B6-4878-A3A2-BB8616BFA1A0}.Release|x86.Build.0 = Release|Any CPU
		{82DEEC57-00B6-4878-A3A2-BB8616BFA1A0}.Debug|iPhoneSimulator.ActiveCfg = Debug|Any CPU
		{82DEEC57-00B6-4878-A3A2-BB8616BFA1A0}.Debug|iPhoneSimulator.Build.0 = Debug|Any CPU
		{82DEEC57-00B6-4878-A3A2-BB8616BFA1A0}.Release|iPhone.ActiveCfg = Release|Any CPU
		{82DEEC57-00B6-4878-A3A2-BB8616BFA1A0}.Release|iPhone.Build.0 = Release|Any CPU
		{82DEEC57-00B6-4878-A3A2-BB8616BFA1A0}.Release|iPhoneSimulator.ActiveCfg = Release|Any CPU
		{82DEEC57-00B6-4878-A3A2-BB8616BFA1A0}.Release|iPhoneSimulator.Build.0 = Release|Any CPU
		{82DEEC57-00B6-4878-A3A2-BB8616BFA1A0}.Debug|iPhone.ActiveCfg = Debug|Any CPU
		{82DEEC57-00B6-4878-A3A2-BB8616BFA1A0}.Debug|iPhone.Build.0 = Debug|Any CPU
		{AC3491FF-6B2A-42A2-A2F4-6E9B1F9361F2}.Debug|Any CPU.ActiveCfg = Debug|iPhoneSimulator
		{AC3491FF-6B2A-42A2-A2F4-6E9B1F9361F2}.Debug|Any CPU.Build.0 = Debug|iPhoneSimulator
		{AC3491FF-6B2A-42A2-A2F4-6E9B1F9361F2}.Debug|x64.ActiveCfg = Debug|iPhoneSimulator
		{AC3491FF-6B2A-42A2-A2F4-6E9B1F9361F2}.Debug|x64.Build.0 = Debug|iPhoneSimulator
		{AC3491FF-6B2A-42A2-A2F4-6E9B1F9361F2}.Debug|x86.ActiveCfg = Debug|iPhoneSimulator
		{AC3491FF-6B2A-42A2-A2F4-6E9B1F9361F2}.Debug|x86.Build.0 = Debug|iPhoneSimulator
		{AC3491FF-6B2A-42A2-A2F4-6E9B1F9361F2}.Release|Any CPU.ActiveCfg = Release|iPhone
		{AC3491FF-6B2A-42A2-A2F4-6E9B1F9361F2}.Release|Any CPU.Build.0 = Release|iPhone
		{AC3491FF-6B2A-42A2-A2F4-6E9B1F9361F2}.Release|x64.ActiveCfg = Release|iPhone
		{AC3491FF-6B2A-42A2-A2F4-6E9B1F9361F2}.Release|x64.Build.0 = Release|iPhone
		{AC3491FF-6B2A-42A2-A2F4-6E9B1F9361F2}.Release|x86.ActiveCfg = Release|iPhone
		{AC3491FF-6B2A-42A2-A2F4-6E9B1F9361F2}.Release|x86.Build.0 = Release|iPhone
		{AC3491FF-6B2A-42A2-A2F4-6E9B1F9361F2}.Debug|iPhoneSimulator.ActiveCfg = Debug|iPhoneSimulator
		{AC3491FF-6B2A-42A2-A2F4-6E9B1F9361F2}.Debug|iPhoneSimulator.Build.0 = Debug|iPhoneSimulator
		{AC3491FF-6B2A-42A2-A2F4-6E9B1F9361F2}.Release|iPhone.ActiveCfg = Release|iPhone
		{AC3491FF-6B2A-42A2-A2F4-6E9B1F9361F2}.Release|iPhone.Build.0 = Release|iPhone
		{AC3491FF-6B2A-42A2-A2F4-6E9B1F9361F2}.Release|iPhoneSimulator.ActiveCfg = Release|iPhoneSimulator
		{AC3491FF-6B2A-42A2-A2F4-6E9B1F9361F2}.Release|iPhoneSimulator.Build.0 = Release|iPhoneSimulator
		{AC3491FF-6B2A-42A2-A2F4-6E9B1F9361F2}.Debug|iPhone.ActiveCfg = Debug|iPhone
		{AC3491FF-6B2A-42A2-A2F4-6E9B1F9361F2}.Debug|iPhone.Build.0 = Debug|iPhone
		{DABC5300-751B-4771-9BD7-A4B465CE8FEF}.Debug|Any CPU.ActiveCfg = Debug|iPhoneSimulator
		{DABC5300-751B-4771-9BD7-A4B465CE8FEF}.Debug|Any CPU.Build.0 = Debug|iPhoneSimulator
		{DABC5300-751B-4771-9BD7-A4B465CE8FEF}.Debug|x64.ActiveCfg = Debug|iPhoneSimulator
		{DABC5300-751B-4771-9BD7-A4B465CE8FEF}.Debug|x64.Build.0 = Debug|iPhoneSimulator
		{DABC5300-751B-4771-9BD7-A4B465CE8FEF}.Debug|x86.ActiveCfg = Debug|iPhoneSimulator
		{DABC5300-751B-4771-9BD7-A4B465CE8FEF}.Debug|x86.Build.0 = Debug|iPhoneSimulator
		{DABC5300-751B-4771-9BD7-A4B465CE8FEF}.Release|Any CPU.ActiveCfg = Release|iPhone
		{DABC5300-751B-4771-9BD7-A4B465CE8FEF}.Release|Any CPU.Build.0 = Release|iPhone
		{DABC5300-751B-4771-9BD7-A4B465CE8FEF}.Release|x64.ActiveCfg = Release|iPhone
		{DABC5300-751B-4771-9BD7-A4B465CE8FEF}.Release|x64.Build.0 = Release|iPhone
		{DABC5300-751B-4771-9BD7-A4B465CE8FEF}.Release|x86.ActiveCfg = Release|iPhone
		{DABC5300-751B-4771-9BD7-A4B465CE8FEF}.Release|x86.Build.0 = Release|iPhone
		{DABC5300-751B-4771-9BD7-A4B465CE8FEF}.Debug|iPhoneSimulator.ActiveCfg = Debug|iPhoneSimulator
		{DABC5300-751B-4771-9BD7-A4B465CE8FEF}.Debug|iPhoneSimulator.Build.0 = Debug|iPhoneSimulator
		{DABC5300-751B-4771-9BD7-A4B465CE8FEF}.Release|iPhone.ActiveCfg = Release|iPhone
		{DABC5300-751B-4771-9BD7-A4B465CE8FEF}.Release|iPhone.Build.0 = Release|iPhone
		{DABC5300-751B-4771-9BD7-A4B465CE8FEF}.Release|iPhoneSimulator.ActiveCfg = Release|iPhoneSimulator
		{DABC5300-751B-4771-9BD7-A4B465CE8FEF}.Release|iPhoneSimulator.Build.0 = Release|iPhoneSimulator
		{DABC5300-751B-4771-9BD7-A4B465CE8FEF}.Debug|iPhone.ActiveCfg = Debug|iPhone
		{DABC5300-751B-4771-9BD7-A4B465CE8FEF}.Debug|iPhone.Build.0 = Debug|iPhone
	EndGlobalSection
	GlobalSection(SolutionProperties) = preSolution
		HideSolutionNode = FALSE
	EndGlobalSection
	GlobalSection(ExtensibilityGlobals) = postSolution
		SolutionGuid = {F3DB415B-9904-423A-84F7-3B65A76BDB28}
	EndGlobalSection
	GlobalSection(MonoDevelopProperties) = preSolution
		Policies = $0
		$0.TextStylePolicy = $1
		$1.FileWidth = 80
		$1.TabsToSpaces = True
		$1.scope = text/x-csharp
		$0.CSharpFormattingPolicy = $2
		$2.NewLinesForBracesInProperties = False
		$2.NewLinesForBracesInAccessors = False
		$2.NewLinesForBracesInAnonymousMethods = False
		$2.NewLinesForBracesInControlBlocks = False
		$2.NewLinesForBracesInAnonymousTypes = False
		$2.NewLinesForBracesInObjectCollectionArrayInitializers = False
		$2.NewLinesForBracesInLambdaExpressionBody = False
		$2.SpacingAfterMethodDeclarationName = True
		$2.SpaceAfterMethodCallName = True
		$2.scope = text/x-csharp
	EndGlobalSection
	GlobalSection(NestedProjects) = preSolution
		{13FC4538-EA48-4F84-9F1A-109701F9285F} = {708F9D6D-D03E-4C60-AEEE-85276AD55A24}
		{E2A5AB72-C825-47F7-96BD-D102192C4B99} = {45420E5C-B4D7-4E1B-A850-80B74885D96C}
		{82DEEC57-00B6-4878-A3A2-BB8616BFA1A0} = {708F9D6D-D03E-4C60-AEEE-85276AD55A24}
		{AC3491FF-6B2A-42A2-A2F4-6E9B1F9361F2} = {45420E5C-B4D7-4E1B-A850-80B74885D96C}
	EndGlobalSection
EndGlobal
