
Microsoft Visual Studio Solution File, Format Version 10.00
# Visual Studio 2008
Project("{FAE04EC0-301F-11D3-BF4B-00C04F79EFBC}") = "MonoCLanguage", "CLanguage\MonoCLanguage.csproj", "{FEEF50E7-2104-4F68-8AA4-F2B6BEB4E5F5}"
EndProject
Project("{FAE04EC0-301F-11D3-BF4B-00C04F79EFBC}") = "MonoCLanguageTest", "MonoCLanguageTest\MonoCLanguageTest.csproj", "{13D7E351-B986-4562-95F9-ACAE6AC11737}"
EndProject
Global
	GlobalSection(SolutionConfigurationPlatforms) = preSolution
		Debug|Any CPU = Debug|Any CPU
		Release|Any CPU = Release|Any CPU
	EndGlobalSection
	GlobalSection(ProjectConfigurationPlatforms) = postSolution
		{13D7E351-B986-4562-95F9-ACAE6AC11737}.Debug|Any CPU.ActiveCfg = Debug|Any CPU
		{13D7E351-B986-4562-95F9-ACAE6AC11737}.Debug|Any CPU.Build.0 = Debug|Any CPU
		{13D7E351-B986-4562-95F9-ACAE6AC11737}.Release|Any CPU.ActiveCfg = Release|Any CPU
		{13D7E351-B986-4562-95F9-ACAE6AC11737}.Release|Any CPU.Build.0 = Release|Any CPU
		{FEEF50E7-2104-4F68-8AA4-F2B6BEB4E5F5}.Debug|Any CPU.ActiveCfg = Debug|Any CPU
		{FEEF50E7-2104-4F68-8AA4-F2B6BEB4E5F5}.Debug|Any CPU.Build.0 = Debug|Any CPU
		{FEEF50E7-2104-4F68-8AA4-F2B6BEB4E5F5}.Release|Any CPU.ActiveCfg = Release|Any CPU
		{FEEF50E7-2104-4F68-8AA4-F2B6BEB4E5F5}.Release|Any CPU.Build.0 = Release|Any CPU
	EndGlobalSection
	GlobalSection(MonoDevelopProperties) = preSolution
		StartupItem = MonoCLanguageTest\MonoCLanguageTest.csproj
	EndGlobalSection
EndGlobal
